// !$*UTF8*$!
{
	archiveVersion = 1;
	classes = {
	};
	objectVersion = 46;
	objects = {

/* Begin PBXBuildFile section */
		C200A8F81B8D140200C54127 /* ValidationsExampleForm.swift in Sources */ = {isa = PBXBuildFile; fileRef = C200A8F71B8D140200C54127 /* ValidationsExampleForm.swift */; };
		C232FA4E1B69C338000635E2 /* CustomizationExampleForm.swift in Sources */ = {isa = PBXBuildFile; fileRef = C232FA4D1B69C338000635E2 /* CustomizationExampleForm.swift */; };
		C232FA511B69C3F8000635E2 /* CustomXibTextField.xib in Resources */ = {isa = PBXBuildFile; fileRef = C232FA501B69C3F8000635E2 /* CustomXibTextField.xib */; };
		C232FA551B6AC656000635E2 /* CustomTextFieldCell.xib in Resources */ = {isa = PBXBuildFile; fileRef = C232FA541B6AC656000635E2 /* CustomTextFieldCell.xib */; };
		C232FA571B6AC67B000635E2 /* CustomTextFieldCell.swift in Sources */ = {isa = PBXBuildFile; fileRef = C232FA561B6AC67B000635E2 /* CustomTextFieldCell.swift */; };
		C232FA5A1B6AE600000635E2 /* ProgressFormElement.swift in Sources */ = {isa = PBXBuildFile; fileRef = C232FA591B6AE600000635E2 /* ProgressFormElement.swift */; };
		C232FA5C1B6AE624000635E2 /* ProgressFormCell.swift in Sources */ = {isa = PBXBuildFile; fileRef = C232FA5B1B6AE624000635E2 /* ProgressFormCell.swift */; };
		C232FA5E1B6AE634000635E2 /* ProgressFormCell.xib in Resources */ = {isa = PBXBuildFile; fileRef = C232FA5D1B6AE634000635E2 /* ProgressFormCell.xib */; };
		C26BD6DA1B641A8000C014A6 /* AppDelegate.swift in Sources */ = {isa = PBXBuildFile; fileRef = C26BD6D91B641A8000C014A6 /* AppDelegate.swift */; };
		C26BD6DC1B641A8000C014A6 /* ViewController.swift in Sources */ = {isa = PBXBuildFile; fileRef = C26BD6DB1B641A8000C014A6 /* ViewController.swift */; };
		C26BD6DF1B641A8000C014A6 /* Main.storyboard in Resources */ = {isa = PBXBuildFile; fileRef = C26BD6DD1B641A8000C014A6 /* Main.storyboard */; };
		C26BD6E11B641A8000C014A6 /* Images.xcassets in Resources */ = {isa = PBXBuildFile; fileRef = C26BD6E01B641A8000C014A6 /* Images.xcassets */; };
		C26BD6E41B641A8000C014A6 /* LaunchScreen.xib in Resources */ = {isa = PBXBuildFile; fileRef = C26BD6E21B641A8000C014A6 /* LaunchScreen.xib */; };
		C26BD6F01B641A8000C014A6 /* ExampleTests.swift in Sources */ = {isa = PBXBuildFile; fileRef = C26BD6EF1B641A8000C014A6 /* ExampleTests.swift */; };
		C26BD7071B641C3500C014A6 /* TouchForms.framework in Frameworks */ = {isa = PBXBuildFile; fileRef = C26BD7011B641BC800C014A6 /* TouchForms.framework */; };
		C26BD7091B641C5100C014A6 /* TouchForms.framework in Copy Frameworks */ = {isa = PBXBuildFile; fileRef = C26BD7011B641BC800C014A6 /* TouchForms.framework */; settings = {ATTRIBUTES = (CodeSignOnCopy, RemoveHeadersOnCopy, ); }; };
		C282BF981B8D1E75002970C0 /* LoadingExampleForm.swift in Sources */ = {isa = PBXBuildFile; fileRef = C282BF971B8D1E75002970C0 /* LoadingExampleForm.swift */; };
		C28DB7D81B72E7020085F92F /* ElementCatalogForm.swift in Sources */ = {isa = PBXBuildFile; fileRef = C28DB7D71B72E7020085F92F /* ElementCatalogForm.swift */; };
		C29FD78E1B8E029F00614DAF /* ErrorExampleForm.swift in Sources */ = {isa = PBXBuildFile; fileRef = C29FD78D1B8E029F00614DAF /* ErrorExampleForm.swift */; };
		C2F9380A1B8BA33B00A93266 /* StoryboardPrototypeCellsForm.swift in Sources */ = {isa = PBXBuildFile; fileRef = C2F938091B8BA33B00A93266 /* StoryboardPrototypeCellsForm.swift */; };
		C2F9380F1B8CC52B00A93266 /* SignUpForm.swift in Sources */ = {isa = PBXBuildFile; fileRef = C2F9380E1B8CC52B00A93266 /* SignUpForm.swift */; };
		C2F938121B8CC55A00A93266 /* ExampleUser.swift in Sources */ = {isa = PBXBuildFile; fileRef = C2F938111B8CC55A00A93266 /* ExampleUser.swift */; };
/* End PBXBuildFile section */

/* Begin PBXContainerItemProxy section */
		C26BD6EA1B641A8000C014A6 /* PBXContainerItemProxy */ = {
			isa = PBXContainerItemProxy;
			containerPortal = C26BD6CC1B641A8000C014A6 /* Project object */;
			proxyType = 1;
			remoteGlobalIDString = C26BD6D31B641A8000C014A6;
			remoteInfo = Example;
		};
		C26BD7001B641BC800C014A6 /* PBXContainerItemProxy */ = {
			isa = PBXContainerItemProxy;
			containerPortal = C26BD6FB1B641BC800C014A6 /* TouchForms.xcodeproj */;
			proxyType = 2;
			remoteGlobalIDString = C2D2A21B1B602D01003901A7;
			remoteInfo = TouchForms;
		};
		C26BD7021B641BC800C014A6 /* PBXContainerItemProxy */ = {
			isa = PBXContainerItemProxy;
			containerPortal = C26BD6FB1B641BC800C014A6 /* TouchForms.xcodeproj */;
			proxyType = 2;
			remoteGlobalIDString = C2D2A2261B602D01003901A7;
			remoteInfo = TouchFormsTests;
		};
		C26BD7051B641C3000C014A6 /* PBXContainerItemProxy */ = {
			isa = PBXContainerItemProxy;
			containerPortal = C26BD6FB1B641BC800C014A6 /* TouchForms.xcodeproj */;
			proxyType = 1;
			remoteGlobalIDString = C2D2A21A1B602D01003901A7;
			remoteInfo = TouchForms;
		};
/* End PBXContainerItemProxy section */

/* Begin PBXCopyFilesBuildPhase section */
		C26BD7081B641C3E00C014A6 /* Copy Frameworks */ = {
			isa = PBXCopyFilesBuildPhase;
			buildActionMask = 2147483647;
			dstPath = "";
			dstSubfolderSpec = 10;
			files = (
				C26BD7091B641C5100C014A6 /* TouchForms.framework in Copy Frameworks */,
			);
			name = "Copy Frameworks";
			runOnlyForDeploymentPostprocessing = 0;
		};
/* End PBXCopyFilesBuildPhase section */

/* Begin PBXFileReference section */
		C200A8F71B8D140200C54127 /* ValidationsExampleForm.swift */ = {isa = PBXFileReference; fileEncoding = 4; lastKnownFileType = sourcecode.swift; path = ValidationsExampleForm.swift; sourceTree = "<group>"; };
		C232FA4D1B69C338000635E2 /* CustomizationExampleForm.swift */ = {isa = PBXFileReference; fileEncoding = 4; lastKnownFileType = sourcecode.swift; path = CustomizationExampleForm.swift; sourceTree = "<group>"; };
		C232FA501B69C3F8000635E2 /* CustomXibTextField.xib */ = {isa = PBXFileReference; fileEncoding = 4; lastKnownFileType = file.xib; path = CustomXibTextField.xib; sourceTree = "<group>"; };
		C232FA541B6AC656000635E2 /* CustomTextFieldCell.xib */ = {isa = PBXFileReference; fileEncoding = 4; lastKnownFileType = file.xib; path = CustomTextFieldCell.xib; sourceTree = "<group>"; };
		C232FA561B6AC67B000635E2 /* CustomTextFieldCell.swift */ = {isa = PBXFileReference; fileEncoding = 4; lastKnownFileType = sourcecode.swift; path = CustomTextFieldCell.swift; sourceTree = "<group>"; };
		C232FA591B6AE600000635E2 /* ProgressFormElement.swift */ = {isa = PBXFileReference; fileEncoding = 4; lastKnownFileType = sourcecode.swift; path = ProgressFormElement.swift; sourceTree = "<group>"; };
		C232FA5B1B6AE624000635E2 /* ProgressFormCell.swift */ = {isa = PBXFileReference; fileEncoding = 4; lastKnownFileType = sourcecode.swift; path = ProgressFormCell.swift; sourceTree = "<group>"; };
		C232FA5D1B6AE634000635E2 /* ProgressFormCell.xib */ = {isa = PBXFileReference; fileEncoding = 4; lastKnownFileType = file.xib; path = ProgressFormCell.xib; sourceTree = "<group>"; };
		C26BD6D41B641A8000C014A6 /* Example.app */ = {isa = PBXFileReference; explicitFileType = wrapper.application; includeInIndex = 0; path = Example.app; sourceTree = BUILT_PRODUCTS_DIR; };
		C26BD6D81B641A8000C014A6 /* Info.plist */ = {isa = PBXFileReference; lastKnownFileType = text.plist.xml; path = Info.plist; sourceTree = "<group>"; };
		C26BD6D91B641A8000C014A6 /* AppDelegate.swift */ = {isa = PBXFileReference; lastKnownFileType = sourcecode.swift; path = AppDelegate.swift; sourceTree = "<group>"; };
		C26BD6DB1B641A8000C014A6 /* ViewController.swift */ = {isa = PBXFileReference; lastKnownFileType = sourcecode.swift; path = ViewController.swift; sourceTree = "<group>"; };
		C26BD6DE1B641A8000C014A6 /* Base */ = {isa = PBXFileReference; lastKnownFileType = file.storyboard; name = Base; path = Base.lproj/Main.storyboard; sourceTree = "<group>"; };
		C26BD6E01B641A8000C014A6 /* Images.xcassets */ = {isa = PBXFileReference; lastKnownFileType = folder.assetcatalog; path = Images.xcassets; sourceTree = "<group>"; };
		C26BD6E31B641A8000C014A6 /* Base */ = {isa = PBXFileReference; lastKnownFileType = file.xib; name = Base; path = Base.lproj/LaunchScreen.xib; sourceTree = "<group>"; };
		C26BD6E91B641A8000C014A6 /* ExampleTests.xctest */ = {isa = PBXFileReference; explicitFileType = wrapper.cfbundle; includeInIndex = 0; path = ExampleTests.xctest; sourceTree = BUILT_PRODUCTS_DIR; };
		C26BD6EE1B641A8000C014A6 /* Info.plist */ = {isa = PBXFileReference; lastKnownFileType = text.plist.xml; path = Info.plist; sourceTree = "<group>"; };
		C26BD6EF1B641A8000C014A6 /* ExampleTests.swift */ = {isa = PBXFileReference; lastKnownFileType = sourcecode.swift; path = ExampleTests.swift; sourceTree = "<group>"; };
		C26BD6FB1B641BC800C014A6 /* TouchForms.xcodeproj */ = {isa = PBXFileReference; lastKnownFileType = "wrapper.pb-project"; name = TouchForms.xcodeproj; path = ../TouchForms/TouchForms.xcodeproj; sourceTree = "<group>"; };
		C282BF971B8D1E75002970C0 /* LoadingExampleForm.swift */ = {isa = PBXFileReference; fileEncoding = 4; lastKnownFileType = sourcecode.swift; path = LoadingExampleForm.swift; sourceTree = "<group>"; };
		C28DB7D71B72E7020085F92F /* ElementCatalogForm.swift */ = {isa = PBXFileReference; fileEncoding = 4; lastKnownFileType = sourcecode.swift; path = ElementCatalogForm.swift; sourceTree = "<group>"; };
		C28DB7E11B7449B40085F92F /* Example.playground */ = {isa = PBXFileReference; lastKnownFileType = file.playground; path = Example.playground; sourceTree = "<group>"; };
		C29FD78D1B8E029F00614DAF /* ErrorExampleForm.swift */ = {isa = PBXFileReference; fileEncoding = 4; lastKnownFileType = sourcecode.swift; path = ErrorExampleForm.swift; sourceTree = "<group>"; };
		C2F938091B8BA33B00A93266 /* StoryboardPrototypeCellsForm.swift */ = {isa = PBXFileReference; fileEncoding = 4; lastKnownFileType = sourcecode.swift; path = StoryboardPrototypeCellsForm.swift; sourceTree = "<group>"; };
		C2F9380E1B8CC52B00A93266 /* SignUpForm.swift */ = {isa = PBXFileReference; fileEncoding = 4; lastKnownFileType = sourcecode.swift; path = SignUpForm.swift; sourceTree = "<group>"; };
		C2F938111B8CC55A00A93266 /* ExampleUser.swift */ = {isa = PBXFileReference; fileEncoding = 4; lastKnownFileType = sourcecode.swift; path = ExampleUser.swift; sourceTree = "<group>"; };
/* End PBXFileReference section */

/* Begin PBXFrameworksBuildPhase section */
		C26BD6D11B641A8000C014A6 /* Frameworks */ = {
			isa = PBXFrameworksBuildPhase;
			buildActionMask = 2147483647;
			files = (
				C26BD7071B641C3500C014A6 /* TouchForms.framework in Frameworks */,
			);
			runOnlyForDeploymentPostprocessing = 0;
		};
		C26BD6E61B641A8000C014A6 /* Frameworks */ = {
			isa = PBXFrameworksBuildPhase;
			buildActionMask = 2147483647;
			files = (
			);
			runOnlyForDeploymentPostprocessing = 0;
		};
/* End PBXFrameworksBuildPhase section */

/* Begin PBXGroup section */
		C232FA4B1B69C30A000635E2 /* Example Forms */ = {
			isa = PBXGroup;
			children = (
				C2F9380E1B8CC52B00A93266 /* SignUpForm.swift */,
				C200A8F71B8D140200C54127 /* ValidationsExampleForm.swift */,
				C282BF971B8D1E75002970C0 /* LoadingExampleForm.swift */,
				C29FD78D1B8E029F00614DAF /* ErrorExampleForm.swift */,
				C232FA4D1B69C338000635E2 /* CustomizationExampleForm.swift */,
				C232FA4F1B69C39D000635E2 /* Customization Example Elements */,
				C28DB7D71B72E7020085F92F /* ElementCatalogForm.swift */,
				C2F938091B8BA33B00A93266 /* StoryboardPrototypeCellsForm.swift */,
			);
			name = "Example Forms";
			sourceTree = "<group>";
		};
		C232FA4F1B69C39D000635E2 /* Customization Example Elements */ = {
			isa = PBXGroup;
			children = (
				C232FA521B6A574F000635E2 /* Custom Xib */,
				C232FA531B6A575D000635E2 /* Custom Cell (Subclass) */,
				C232FA581B6AE54D000635E2 /* Custom Element */,
			);
			name = "Customization Example Elements";
			sourceTree = "<group>";
		};
		C232FA521B6A574F000635E2 /* Custom Xib */ = {
			isa = PBXGroup;
			children = (
				C232FA501B69C3F8000635E2 /* CustomXibTextField.xib */,
			);
			name = "Custom Xib";
			sourceTree = "<group>";
		};
		C232FA531B6A575D000635E2 /* Custom Cell (Subclass) */ = {
			isa = PBXGroup;
			children = (
				C232FA561B6AC67B000635E2 /* CustomTextFieldCell.swift */,
				C232FA541B6AC656000635E2 /* CustomTextFieldCell.xib */,
			);
			name = "Custom Cell (Subclass)";
			sourceTree = "<group>";
		};
		C232FA581B6AE54D000635E2 /* Custom Element */ = {
			isa = PBXGroup;
			children = (
				C232FA591B6AE600000635E2 /* ProgressFormElement.swift */,
				C232FA5B1B6AE624000635E2 /* ProgressFormCell.swift */,
				C232FA5D1B6AE634000635E2 /* ProgressFormCell.xib */,
			);
			name = "Custom Element";
			sourceTree = "<group>";
		};
		C26BD6CB1B641A7F00C014A6 = {
			isa = PBXGroup;
			children = (
				C28DB7E11B7449B40085F92F /* Example.playground */,
				C26BD6D61B641A8000C014A6 /* Example */,
				C26BD6EC1B641A8000C014A6 /* ExampleTests */,
				C26BD6D51B641A8000C014A6 /* Products */,
				C26BD6F91B641ABE00C014A6 /* Frameworks */,
			);
			sourceTree = "<group>";
		};
		C26BD6D51B641A8000C014A6 /* Products */ = {
			isa = PBXGroup;
			children = (
				C26BD6D41B641A8000C014A6 /* Example.app */,
				C26BD6E91B641A8000C014A6 /* ExampleTests.xctest */,
			);
			name = Products;
			sourceTree = "<group>";
		};
		C26BD6D61B641A8000C014A6 /* Example */ = {
			isa = PBXGroup;
			children = (
				C26BD6D91B641A8000C014A6 /* AppDelegate.swift */,
				C26BD6DD1B641A8000C014A6 /* Main.storyboard */,
				C26BD6DB1B641A8000C014A6 /* ViewController.swift */,
				C232FA4B1B69C30A000635E2 /* Example Forms */,
				C2F938101B8CC54500A93266 /* Example Models */,
				C26BD70A1B641C7700C014A6 /* Resources */,
				C26BD6D71B641A8000C014A6 /* Supporting Files */,
			);
			path = Example;
			sourceTree = "<group>";
		};
		C26BD6D71B641A8000C014A6 /* Supporting Files */ = {
			isa = PBXGroup;
			children = (
				C26BD6D81B641A8000C014A6 /* Info.plist */,
			);
			name = "Supporting Files";
			sourceTree = "<group>";
		};
		C26BD6EC1B641A8000C014A6 /* ExampleTests */ = {
			isa = PBXGroup;
			children = (
				C26BD6EF1B641A8000C014A6 /* ExampleTests.swift */,
				C26BD6ED1B641A8000C014A6 /* Supporting Files */,
			);
			path = ExampleTests;
			sourceTree = "<group>";
		};
		C26BD6ED1B641A8000C014A6 /* Supporting Files */ = {
			isa = PBXGroup;
			children = (
				C26BD6EE1B641A8000C014A6 /* Info.plist */,
			);
			name = "Supporting Files";
			sourceTree = "<group>";
		};
		C26BD6F91B641ABE00C014A6 /* Frameworks */ = {
			isa = PBXGroup;
			children = (
				C26BD6FB1B641BC800C014A6 /* TouchForms.xcodeproj */,
			);
			name = Frameworks;
			sourceTree = "<group>";
		};
		C26BD6FC1B641BC800C014A6 /* Products */ = {
			isa = PBXGroup;
			children = (
				C26BD7011B641BC800C014A6 /* TouchForms.framework */,
				C26BD7031B641BC800C014A6 /* TouchFormsTests.xctest */,
			);
			name = Products;
			sourceTree = "<group>";
		};
		C26BD70A1B641C7700C014A6 /* Resources */ = {
			isa = PBXGroup;
			children = (
				C26BD6E01B641A8000C014A6 /* Images.xcassets */,
				C26BD6E21B641A8000C014A6 /* LaunchScreen.xib */,
			);
			name = Resources;
			sourceTree = "<group>";
		};
		C2F938101B8CC54500A93266 /* Example Models */ = {
			isa = PBXGroup;
			children = (
				C2F938111B8CC55A00A93266 /* ExampleUser.swift */,
			);
			name = "Example Models";
			sourceTree = "<group>";
		};
/* End PBXGroup section */

/* Begin PBXNativeTarget section */
		C26BD6D31B641A8000C014A6 /* Example */ = {
			isa = PBXNativeTarget;
			buildConfigurationList = C26BD6F31B641A8000C014A6 /* Build configuration list for PBXNativeTarget "Example" */;
			buildPhases = (
				C26BD6D01B641A8000C014A6 /* Sources */,
				C26BD6D11B641A8000C014A6 /* Frameworks */,
				C26BD6D21B641A8000C014A6 /* Resources */,
				C26BD7081B641C3E00C014A6 /* Copy Frameworks */,
			);
			buildRules = (
			);
			dependencies = (
				C26BD7061B641C3000C014A6 /* PBXTargetDependency */,
			);
			name = Example;
			productName = Example;
			productReference = C26BD6D41B641A8000C014A6 /* Example.app */;
			productType = "com.apple.product-type.application";
		};
		C26BD6E81B641A8000C014A6 /* ExampleTests */ = {
			isa = PBXNativeTarget;
			buildConfigurationList = C26BD6F61B641A8000C014A6 /* Build configuration list for PBXNativeTarget "ExampleTests" */;
			buildPhases = (
				C26BD6E51B641A8000C014A6 /* Sources */,
				C26BD6E61B641A8000C014A6 /* Frameworks */,
				C26BD6E71B641A8000C014A6 /* Resources */,
			);
			buildRules = (
			);
			dependencies = (
				C26BD6EB1B641A8000C014A6 /* PBXTargetDependency */,
			);
			name = ExampleTests;
			productName = ExampleTests;
			productReference = C26BD6E91B641A8000C014A6 /* ExampleTests.xctest */;
			productType = "com.apple.product-type.bundle.unit-test";
		};
/* End PBXNativeTarget section */

/* Begin PBXProject section */
		C26BD6CC1B641A8000C014A6 /* Project object */ = {
			isa = PBXProject;
			attributes = {
				LastSwiftUpdateCheck = 0700;
				LastUpgradeCheck = 0640;
				ORGANIZATIONNAME = "Adam Kirk";
				TargetAttributes = {
					C26BD6D31B641A8000C014A6 = {
						CreatedOnToolsVersion = 6.4;
					};
					C26BD6E81B641A8000C014A6 = {
						CreatedOnToolsVersion = 6.4;
						TestTargetID = C26BD6D31B641A8000C014A6;
					};
				};
			};
			buildConfigurationList = C26BD6CF1B641A8000C014A6 /* Build configuration list for PBXProject "Example" */;
			compatibilityVersion = "Xcode 3.2";
			developmentRegion = English;
			hasScannedForEncodings = 0;
			knownRegions = (
				en,
				Base,
			);
			mainGroup = C26BD6CB1B641A7F00C014A6;
			productRefGroup = C26BD6D51B641A8000C014A6 /* Products */;
			projectDirPath = "";
			projectReferences = (
				{
					ProductGroup = C26BD6FC1B641BC800C014A6 /* Products */;
					ProjectRef = C26BD6FB1B641BC800C014A6 /* TouchForms.xcodeproj */;
				},
			);
			projectRoot = "";
			targets = (
				C26BD6D31B641A8000C014A6 /* Example */,
				C26BD6E81B641A8000C014A6 /* ExampleTests */,
			);
		};
/* End PBXProject section */

/* Begin PBXReferenceProxy section */
		C26BD7011B641BC800C014A6 /* TouchForms.framework */ = {
			isa = PBXReferenceProxy;
			fileType = wrapper.framework;
			path = TouchForms.framework;
			remoteRef = C26BD7001B641BC800C014A6 /* PBXContainerItemProxy */;
			sourceTree = BUILT_PRODUCTS_DIR;
		};
		C26BD7031B641BC800C014A6 /* TouchFormsTests.xctest */ = {
			isa = PBXReferenceProxy;
			fileType = wrapper.cfbundle;
			path = TouchFormsTests.xctest;
			remoteRef = C26BD7021B641BC800C014A6 /* PBXContainerItemProxy */;
			sourceTree = BUILT_PRODUCTS_DIR;
		};
/* End PBXReferenceProxy section */

/* Begin PBXResourcesBuildPhase section */
		C26BD6D21B641A8000C014A6 /* Resources */ = {
			isa = PBXResourcesBuildPhase;
			buildActionMask = 2147483647;
			files = (
				C232FA5E1B6AE634000635E2 /* ProgressFormCell.xib in Resources */,
				C232FA551B6AC656000635E2 /* CustomTextFieldCell.xib in Resources */,
				C232FA511B69C3F8000635E2 /* CustomXibTextField.xib in Resources */,
				C26BD6DF1B641A8000C014A6 /* Main.storyboard in Resources */,
				C26BD6E41B641A8000C014A6 /* LaunchScreen.xib in Resources */,
				C26BD6E11B641A8000C014A6 /* Images.xcassets in Resources */,
			);
			runOnlyForDeploymentPostprocessing = 0;
		};
		C26BD6E71B641A8000C014A6 /* Resources */ = {
			isa = PBXResourcesBuildPhase;
			buildActionMask = 2147483647;
			files = (
			);
			runOnlyForDeploymentPostprocessing = 0;
		};
/* End PBXResourcesBuildPhase section */

/* Begin PBXSourcesBuildPhase section */
		C26BD6D01B641A8000C014A6 /* Sources */ = {
			isa = PBXSourcesBuildPhase;
			buildActionMask = 2147483647;
			files = (
				C232FA571B6AC67B000635E2 /* CustomTextFieldCell.swift in Sources */,
				C2F938121B8CC55A00A93266 /* ExampleUser.swift in Sources */,
				C26BD6DC1B641A8000C014A6 /* ViewController.swift in Sources */,
				C29FD78E1B8E029F00614DAF /* ErrorExampleForm.swift in Sources */,
				C26BD6DA1B641A8000C014A6 /* AppDelegate.swift in Sources */,
				C232FA4E1B69C338000635E2 /* CustomizationExampleForm.swift in Sources */,
				C200A8F81B8D140200C54127 /* ValidationsExampleForm.swift in Sources */,
				C28DB7D81B72E7020085F92F /* ElementCatalogForm.swift in Sources */,
				C282BF981B8D1E75002970C0 /* LoadingExampleForm.swift in Sources */,
				C2F9380F1B8CC52B00A93266 /* SignUpForm.swift in Sources */,
				C232FA5C1B6AE624000635E2 /* ProgressFormCell.swift in Sources */,
				C2F9380A1B8BA33B00A93266 /* StoryboardPrototypeCellsForm.swift in Sources */,
				C232FA5A1B6AE600000635E2 /* ProgressFormElement.swift in Sources */,
			);
			runOnlyForDeploymentPostprocessing = 0;
		};
		C26BD6E51B641A8000C014A6 /* Sources */ = {
			isa = PBXSourcesBuildPhase;
			buildActionMask = 2147483647;
			files = (
				C26BD6F01B641A8000C014A6 /* ExampleTests.swift in Sources */,
			);
			runOnlyForDeploymentPostprocessing = 0;
		};
/* End PBXSourcesBuildPhase section */

/* Begin PBXTargetDependency section */
		C26BD6EB1B641A8000C014A6 /* PBXTargetDependency */ = {
			isa = PBXTargetDependency;
			target = C26BD6D31B641A8000C014A6 /* Example */;
			targetProxy = C26BD6EA1B641A8000C014A6 /* PBXContainerItemProxy */;
		};
		C26BD7061B641C3000C014A6 /* PBXTargetDependency */ = {
			isa = PBXTargetDependency;
			name = TouchForms;
			targetProxy = C26BD7051B641C3000C014A6 /* PBXContainerItemProxy */;
		};
/* End PBXTargetDependency section */

/* Begin PBXVariantGroup section */
		C26BD6DD1B641A8000C014A6 /* Main.storyboard */ = {
			isa = PBXVariantGroup;
			children = (
				C26BD6DE1B641A8000C014A6 /* Base */,
			);
			name = Main.storyboard;
			sourceTree = "<group>";
		};
		C26BD6E21B641A8000C014A6 /* LaunchScreen.xib */ = {
			isa = PBXVariantGroup;
			children = (
				C26BD6E31B641A8000C014A6 /* Base */,
			);
			name = LaunchScreen.xib;
			sourceTree = "<group>";
		};
/* End PBXVariantGroup section */

/* Begin XCBuildConfiguration section */
		C26BD6F11B641A8000C014A6 /* Debug */ = {
			isa = XCBuildConfiguration;
			buildSettings = {
				ALWAYS_SEARCH_USER_PATHS = NO;
				CLANG_CXX_LANGUAGE_STANDARD = "gnu++0x";
				CLANG_CXX_LIBRARY = "libc++";
				CLANG_ENABLE_MODULES = YES;
				CLANG_ENABLE_OBJC_ARC = YES;
				CLANG_WARN_BOOL_CONVERSION = YES;
				CLANG_WARN_CONSTANT_CONVERSION = YES;
				CLANG_WARN_DIRECT_OBJC_ISA_USAGE = YES_ERROR;
				CLANG_WARN_EMPTY_BODY = YES;
				CLANG_WARN_ENUM_CONVERSION = YES;
				CLANG_WARN_INT_CONVERSION = YES;
				CLANG_WARN_OBJC_ROOT_CLASS = YES_ERROR;
				CLANG_WARN_UNREACHABLE_CODE = YES;
				CLANG_WARN__DUPLICATE_METHOD_MATCH = YES;
				"CODE_SIGN_IDENTITY[sdk=iphoneos*]" = "iPhone Developer";
				COPY_PHASE_STRIP = NO;
				DEBUG_INFORMATION_FORMAT = "dwarf-with-dsym";
				ENABLE_STRICT_OBJC_MSGSEND = YES;
				GCC_C_LANGUAGE_STANDARD = gnu99;
				GCC_DYNAMIC_NO_PIC = NO;
				GCC_NO_COMMON_BLOCKS = YES;
				GCC_OPTIMIZATION_LEVEL = 0;
				GCC_PREPROCESSOR_DEFINITIONS = (
					"DEBUG=1",
					"$(inherited)",
				);
				GCC_SYMBOLS_PRIVATE_EXTERN = NO;
				GCC_WARN_64_TO_32_BIT_CONVERSION = YES;
				GCC_WARN_ABOUT_RETURN_TYPE = YES_ERROR;
				GCC_WARN_UNDECLARED_SELECTOR = YES;
				GCC_WARN_UNINITIALIZED_AUTOS = YES_AGGRESSIVE;
				GCC_WARN_UNUSED_FUNCTION = YES;
				GCC_WARN_UNUSED_VARIABLE = YES;
				IPHONEOS_DEPLOYMENT_TARGET = 8.0;
				MTL_ENABLE_DEBUG_INFO = YES;
				ONLY_ACTIVE_ARCH = YES;
				SDKROOT = iphoneos;
				SWIFT_OPTIMIZATION_LEVEL = "-Onone";
				TARGETED_DEVICE_FAMILY = "1,2";
			};
			name = Debug;
		};
		C26BD6F21B641A8000C014A6 /* Release */ = {
			isa = XCBuildConfiguration;
			buildSettings = {
				ALWAYS_SEARCH_USER_PATHS = NO;
				CLANG_CXX_LANGUAGE_STANDARD = "gnu++0x";
				CLANG_CXX_LIBRARY = "libc++";
				CLANG_ENABLE_MODULES = YES;
				CLANG_ENABLE_OBJC_ARC = YES;
				CLANG_WARN_BOOL_CONVERSION = YES;
				CLANG_WARN_CONSTANT_CONVERSION = YES;
				CLANG_WARN_DIRECT_OBJC_ISA_USAGE = YES_ERROR;
				CLANG_WARN_EMPTY_BODY = YES;
				CLANG_WARN_ENUM_CONVERSION = YES;
				CLANG_WARN_INT_CONVERSION = YES;
				CLANG_WARN_OBJC_ROOT_CLASS = YES_ERROR;
				CLANG_WARN_UNREACHABLE_CODE = YES;
				CLANG_WARN__DUPLICATE_METHOD_MATCH = YES;
				"CODE_SIGN_IDENTITY[sdk=iphoneos*]" = "iPhone Developer";
				COPY_PHASE_STRIP = NO;
				DEBUG_INFORMATION_FORMAT = "dwarf-with-dsym";
				ENABLE_NS_ASSERTIONS = NO;
				ENABLE_STRICT_OBJC_MSGSEND = YES;
				GCC_C_LANGUAGE_STANDARD = gnu99;
				GCC_NO_COMMON_BLOCKS = YES;
				GCC_WARN_64_TO_32_BIT_CONVERSION = YES;
				GCC_WARN_ABOUT_RETURN_TYPE = YES_ERROR;
				GCC_WARN_UNDECLARED_SELECTOR = YES;
				GCC_WARN_UNINITIALIZED_AUTOS = YES_AGGRESSIVE;
				GCC_WARN_UNUSED_FUNCTION = YES;
				GCC_WARN_UNUSED_VARIABLE = YES;
				IPHONEOS_DEPLOYMENT_TARGET = 8.0;
				MTL_ENABLE_DEBUG_INFO = NO;
				SDKROOT = iphoneos;
				TARGETED_DEVICE_FAMILY = "1,2";
				VALIDATE_PRODUCT = YES;
			};
			name = Release;
		};
		C26BD6F41B641A8000C014A6 /* Debug */ = {
			isa = XCBuildConfiguration;
			buildSettings = {
				ASSETCATALOG_COMPILER_APPICON_NAME = AppIcon;
				INFOPLIST_FILE = Example/Info.plist;
				LD_RUNPATH_SEARCH_PATHS = "$(inherited) @executable_path/Frameworks";
				PRODUCT_NAME = "$(TARGET_NAME)";
			};
			name = Debug;
		};
		C26BD6F51B641A8000C014A6 /* Release */ = {
			isa = XCBuildConfiguration;
			buildSettings = {
				ASSETCATALOG_COMPILER_APPICON_NAME = AppIcon;
				INFOPLIST_FILE = Example/Info.plist;
				LD_RUNPATH_SEARCH_PATHS = "$(inherited) @executable_path/Frameworks";
				PRODUCT_NAME = "$(TARGET_NAME)";
			};
			name = Release;
		};
		C26BD6F71B641A8000C014A6 /* Debug */ = {
			isa = XCBuildConfiguration;
			buildSettings = {
				BUNDLE_LOADER = "$(TEST_HOST)";
				FRAMEWORK_SEARCH_PATHS = (
					"$(SDKROOT)/Developer/Library/Frameworks",
					"$(inherited)",
				);
				GCC_PREPROCESSOR_DEFINITIONS = (
					"DEBUG=1",
					"$(inherited)",
				);
				INFOPLIST_FILE = ExampleTests/Info.plist;
				LD_RUNPATH_SEARCH_PATHS = "$(inherited) @executable_path/Frameworks @loader_path/Frameworks";
				PRODUCT_NAME = "$(TARGET_NAME)";
				TEST_HOST = "$(BUILT_PRODUCTS_DIR)/Example.app/Example";
			};
			name = Debug;
		};
		C26BD6F81B641A8000C014A6 /* Release */ = {
			isa = XCBuildConfiguration;
			buildSettings = {
				BUNDLE_LOADER = "$(TEST_HOST)";
				FRAMEWORK_SEARCH_PATHS = (
					"$(SDKROOT)/Developer/Library/Frameworks",
					"$(inherited)",
				);
				INFOPLIST_FILE = ExampleTests/Info.plist;
				LD_RUNPATH_SEARCH_PATHS = "$(inherited) @executable_path/Frameworks @loader_path/Frameworks";
				PRODUCT_NAME = "$(TARGET_NAME)";
				TEST_HOST = "$(BUILT_PRODUCTS_DIR)/Example.app/Example";
			};
			name = Release;
		};
/* End XCBuildConfiguration section */

/* Begin XCConfigurationList section */
		C26BD6CF1B641A8000C014A6 /* Build configuration list for PBXProject "Example" */ = {
			isa = XCConfigurationList;
			buildConfigurations = (
				C26BD6F11B641A8000C014A6 /* Debug */,
				C26BD6F21B641A8000C014A6 /* Release */,
			);
			defaultConfigurationIsVisible = 0;
			defaultConfigurationName = Release;
		};
		C26BD6F31B641A8000C014A6 /* Build configuration list for PBXNativeTarget "Example" */ = {
			isa = XCConfigurationList;
			buildConfigurations = (
				C26BD6F41B641A8000C014A6 /* Debug */,
				C26BD6F51B641A8000C014A6 /* Release */,
			);
			defaultConfigurationIsVisible = 0;
			defaultConfigurationName = Release;
		};
		C26BD6F61B641A8000C014A6 /* Build configuration list for PBXNativeTarget "ExampleTests" */ = {
			isa = XCConfigurationList;
			buildConfigurations = (
				C26BD6F71B641A8000C014A6 /* Debug */,
				C26BD6F81B641A8000C014A6 /* Release */,
			);
			defaultConfigurationIsVisible = 0;
			defaultConfigurationName = Release;
		};
/* End XCConfigurationList section */
	};
	rootObject = C26BD6CC1B641A8000C014A6 /* Project object */;
}
